{
  "name": "tesca",
  "lockfileVersion": 2,
  "requires": true,
  "packages": {
    "": {
      "dependencies": {
        "jquery": "^3.4.1",
        "sweetalert2": "^11.3.3"
      }
    },
    "node_modules/jquery": {
      "version": "3.4.1",
      "resolved": "https://registry.npmjs.org/jquery/-/jquery-3.4.1.tgz",
      "integrity": "sha512-36+AdBzCL+y6qjw5Tx7HgzeGCzC81MDDgaUP8ld2zhx58HdqXGoBd+tHdrBMiyjGQs0Hxs/MLZTu/eHNJJuWPw=="
    },
    "node_modules/sweetalert2": {
      "version": "11.3.3",
      "resolved": "https://registry.npmjs.org/sweetalert2/-/sweetalert2-11.3.3.tgz",
      "integrity": "sha512-10Keqbmjng/+XpkpSOQ6dttpztl7XNohjnpC6bX6XFgm0WpRXM81YE0wmonGYOP6uyzd76vpfnZS04PdVvO31Q==",
      "funding": {
        "url": "https://sweetalert2.github.io/#donations"
      }
    }
  },
  "dependencies": {
    "jquery": {
      "version": "3.4.1",
      "resolved": "https://registry.npmjs.org/jquery/-/jquery-3.4.1.tgz",
      "integrity": "sha512-36+AdBzCL+y6qjw5Tx7HgzeGCzC81MDDgaUP8ld2zhx58HdqXGoBd+tHdrBMiyjGQs0Hxs/MLZTu/eHNJJuWPw=="
    },
    "sweetalert2": {
      "version": "11.3.3",
      "resolved": "https://registry.npmjs.org/sweetalert2/-/sweetalert2-11.3.3.tgz",
      "integrity": "sha512-10Keqbmjng/+XpkpSOQ6dttpztl7XNohjnpC6bX6XFgm0WpRXM81YE0wmonGYOP6uyzd76vpfnZS04PdVvO31Q=="
    }
  }
}
